{
  "name": "ajs-node",
  "version": "1.0.0",
  "lockfileVersion": 1,
  "requires": true,
  "dependencies": {
    "@lucky-999/ajs-2": {
      "version": "1.0.0",
      "resolved": "https://npm.pkg.github.com/download/@lucky-999/ajs-2/1.0.0/0ba40e32ef542de5b0a14f28b59f5a70765c8e971b0373ce21372f8c9e86b1a8",
      "integrity": "sha512-VRPt68i0TSBG8BQlzm5zOmcBz7IZGw0xB++UHDATD0eKA3IG1zfT2cFBTzLflQ5rW+E/hoGsWS1/UdELoeCvRw=="
    }
  }
}
